// !$*UTF8*$!
{
	archiveVersion = 1;
	classes = {
	};
	objectVersion = 50;
	objects = {

/* Begin PBXBuildFile section */
		E97EDF5B22534116000434CD /* AppDelegate.swift in Sources */ = {isa = PBXBuildFile; fileRef = E97EDF5A22534116000434CD /* AppDelegate.swift */; };
		E97EDF5D22534116000434CD /* ViewController.swift in Sources */ = {isa = PBXBuildFile; fileRef = E97EDF5C22534116000434CD /* ViewController.swift */; };
		E97EDF6022534116000434CD /* Main.storyboard in Resources */ = {isa = PBXBuildFile; fileRef = E97EDF5E22534116000434CD /* Main.storyboard */; };
		E97EDF6222534119000434CD /* Assets.xcassets in Resources */ = {isa = PBXBuildFile; fileRef = E97EDF6122534119000434CD /* Assets.xcassets */; };
		E97EDF6522534119000434CD /* LaunchScreen.storyboard in Resources */ = {isa = PBXBuildFile; fileRef = E97EDF6322534119000434CD /* LaunchScreen.storyboard */; };
		E97EDF6E2253879B000434CD /* Navigation.swift in Sources */ = {isa = PBXBuildFile; fileRef = E97EDF6D2253879B000434CD /* Navigation.swift */; };
		E97EDF7022538E51000434CD /* ViewController2.swift in Sources */ = {isa = PBXBuildFile; fileRef = E97EDF6F22538E51000434CD /* ViewController2.swift */; };
		E97EDF7222538F60000434CD /* Main2.storyboard in Resources */ = {isa = PBXBuildFile; fileRef = E97EDF7122538F60000434CD /* Main2.storyboard */; };
		E97EDF7422538F81000434CD /* ViewController3.swift in Sources */ = {isa = PBXBuildFile; fileRef = E97EDF7322538F81000434CD /* ViewController3.swift */; };
		E97EDFA522578B78000434CD /* MyModel.swift in Sources */ = {isa = PBXBuildFile; fileRef = E97EDFA422578B78000434CD /* MyModel.swift */; };
/* End PBXBuildFile section */

/* Begin PBXFileReference section */
		E97EDF5722534116000434CD /* Navigation.app */ = {isa = PBXFileReference; explicitFileType = wrapper.application; includeInIndex = 0; path = Navigation.app; sourceTree = BUILT_PRODUCTS_DIR; };
		E97EDF5A22534116000434CD /* AppDelegate.swift */ = {isa = PBXFileReference; lastKnownFileType = sourcecode.swift; path = AppDelegate.swift; sourceTree = "<group>"; };
		E97EDF5C22534116000434CD /* ViewController.swift */ = {isa = PBXFileReference; lastKnownFileType = sourcecode.swift; path = ViewController.swift; sourceTree = "<group>"; };
		E97EDF5F22534116000434CD /* Base */ = {isa = PBXFileReference; lastKnownFileType = file.storyboard; name = Base; path = Base.lproj/Main.storyboard; sourceTree = "<group>"; };
		E97EDF6122534119000434CD /* Assets.xcassets */ = {isa = PBXFileReference; lastKnownFileType = folder.assetcatalog; path = Assets.xcassets; sourceTree = "<group>"; };
		E97EDF6422534119000434CD /* Base */ = {isa = PBXFileReference; lastKnownFileType = file.storyboard; name = Base; path = Base.lproj/LaunchScreen.storyboard; sourceTree = "<group>"; };
		E97EDF662253411A000434CD /* Info.plist */ = {isa = PBXFileReference; lastKnownFileType = text.plist.xml; path = Info.plist; sourceTree = "<group>"; };
		E97EDF6D2253879B000434CD /* Navigation.swift */ = {isa = PBXFileReference; lastKnownFileType = sourcecode.swift; path = Navigation.swift; sourceTree = "<group>"; };
		E97EDF6F22538E51000434CD /* ViewController2.swift */ = {isa = PBXFileReference; lastKnownFileType = sourcecode.swift; path = ViewController2.swift; sourceTree = "<group>"; };
		E97EDF7122538F60000434CD /* Main2.storyboard */ = {isa = PBXFileReference; lastKnownFileType = file.storyboard; path = Main2.storyboard; sourceTree = "<group>"; };
		E97EDF7322538F81000434CD /* ViewController3.swift */ = {isa = PBXFileReference; lastKnownFileType = sourcecode.swift; path = ViewController3.swift; sourceTree = "<group>"; };
		E97EDFA422578B78000434CD /* MyModel.swift */ = {isa = PBXFileReference; lastKnownFileType = sourcecode.swift; path = MyModel.swift; sourceTree = "<group>"; };
/* End PBXFileReference section */

/* Begin PBXFrameworksBuildPhase section */
		E97EDF5422534116000434CD /* Frameworks */ = {
			isa = PBXFrameworksBuildPhase;
			buildActionMask = 2147483647;
			files = (
			);
			runOnlyForDeploymentPostprocessing = 0;
		};
/* End PBXFrameworksBuildPhase section */

/* Begin PBXGroup section */
		E97EDF4E22534116000434CD = {
			isa = PBXGroup;
			children = (
				E97EDF5922534116000434CD /* Navigation */,
				E97EDF5822534116000434CD /* Products */,
			);
			sourceTree = "<group>";
		};
		E97EDF5822534116000434CD /* Products */ = {
			isa = PBXGroup;
			children = (
				E97EDF5722534116000434CD /* Navigation.app */,
			);
			name = Products;
			sourceTree = "<group>";
		};
		E97EDF5922534116000434CD /* Navigation */ = {
			isa = PBXGroup;
			children = (
				E97EDF6C22538789000434CD /* Navigation */,
				E97EDF5A22534116000434CD /* AppDelegate.swift */,
				E97EDF5C22534116000434CD /* ViewController.swift */,
				E97EDF6F22538E51000434CD /* ViewController2.swift */,
				E97EDF7322538F81000434CD /* ViewController3.swift */,
				E97EDF5E22534116000434CD /* Main.storyboard */,
				E97EDF7122538F60000434CD /* Main2.storyboard */,
				E97EDF6122534119000434CD /* Assets.xcassets */,
				E97EDF6322534119000434CD /* LaunchScreen.storyboard */,
				E97EDF662253411A000434CD /* Info.plist */,
				E97EDFA422578B78000434CD /* MyModel.swift */,
			);
			path = Navigation;
			sourceTree = "<group>";
		};
		E97EDF6C22538789000434CD /* Navigation */ = {
			isa = PBXGroup;
			children = (
				E97EDF6D2253879B000434CD /* Navigation.swift */,
			);
			path = Navigation;
			sourceTree = "<group>";
		};
/* End PBXGroup section */

/* Begin PBXNativeTarget section */
		E97EDF5622534116000434CD /* Navigation */ = {
			isa = PBXNativeTarget;
			buildConfigurationList = E97EDF692253411A000434CD /* Build configuration list for PBXNativeTarget "Navigation" */;
			buildPhases = (
				E97EDF5322534116000434CD /* Sources */,
				E97EDF5422534116000434CD /* Frameworks */,
				E97EDF5522534116000434CD /* Resources */,
			);
			buildRules = (
			);
			dependencies = (
			);
			name = Navigation;
			productName = Navigation;
			productReference = E97EDF5722534116000434CD /* Navigation.app */;
			productType = "com.apple.product-type.application";
		};
/* End PBXNativeTarget section */

/* Begin PBXProject section */
		E97EDF4F22534116000434CD /* Project object */ = {
			isa = PBXProject;
			attributes = {
				LastSwiftUpdateCheck = 1010;
				LastUpgradeCheck = 1010;
				ORGANIZATIONNAME = VersusMind;
				TargetAttributes = {
					E97EDF5622534116000434CD = {
						CreatedOnToolsVersion = 10.1;
					};
				};
			};
			buildConfigurationList = E97EDF5222534116000434CD /* Build configuration list for PBXProject "Navigation" */;
			compatibilityVersion = "Xcode 9.3";
			developmentRegion = en;
			hasScannedForEncodings = 0;
			knownRegions = (
				en,
				Base,
			);
			mainGroup = E97EDF4E22534116000434CD;
			productRefGroup = E97EDF5822534116000434CD /* Products */;
			projectDirPath = "";
			projectRoot = "";
			targets = (
				E97EDF5622534116000434CD /* Navigation */,
			);
		};
/* End PBXProject section */

/* Begin PBXResourcesBuildPhase section */
		E97EDF5522534116000434CD /* Resources */ = {
			isa = PBXResourcesBuildPhase;
			buildActionMask = 2147483647;
			files = (
				E97EDF6522534119000434CD /* LaunchScreen.storyboard in Resources */,
				E97EDF6222534119000434CD /* Assets.xcassets in Resources */,
				E97EDF7222538F60000434CD /* Main2.storyboard in Resources */,
				E97EDF6022534116000434CD /* Main.storyboard in Resources */,
			);
			runOnlyForDeploymentPostprocessing = 0;
		};
/* End PBXResourcesBuildPhase section */

/* Begin PBXSourcesBuildPhase section */
		E97EDF5322534116000434CD /* Sources */ = {
			isa = PBXSourcesBuildPhase;
			buildActionMask = 2147483647;
			files = (
				E97EDF7422538F81000434CD /* ViewController3.swift in Sources */,
				E97EDF6E2253879B000434CD /* Navigation.swift in Sources */,
				E97EDFA522578B78000434CD /* MyModel.swift in Sources */,
				E97EDF7022538E51000434CD /* ViewController2.swift in Sources */,
				E97EDF5D22534116000434CD /* ViewController.swift in Sources */,
				E97EDF5B22534116000434CD /* AppDelegate.swift in Sources */,
			);
			runOnlyForDeploymentPostprocessing = 0;
		};
/* End PBXSourcesBuildPhase section */

/* Begin PBXVariantGroup section */
		E97EDF5E22534116000434CD /* Main.storyboard */ = {
			isa = PBXVariantGroup;
			children = (
				E97EDF5F22534116000434CD /* Base */,
			);
			name = Main.storyboard;
			sourceTree = "<group>";
		};
		E97EDF6322534119000434CD /* LaunchScreen.storyboard */ = {
			isa = PBXVariantGroup;
			children = (
				E97EDF6422534119000434CD /* Base */,
			);
			name = LaunchScreen.storyboard;
			sourceTree = "<group>";
		};
/* End PBXVariantGroup section */

/* Begin XCBuildConfiguration section */
		E97EDF672253411A000434CD /* Debug */ = {
			isa = XCBuildConfiguration;
			buildSettings = {
				ALWAYS_SEARCH_USER_PATHS = NO;
				CLANG_ANALYZER_NONNULL = YES;
				CLANG_ANALYZER_NUMBER_OBJECT_CONVERSION = YES_AGGRESSIVE;
				CLANG_CXX_LANGUAGE_STANDARD = "gnu++14";
				CLANG_CXX_LIBRARY = "libc++";
				CLANG_ENABLE_MODULES = YES;
				CLANG_ENABLE_OBJC_ARC = YES;
				CLANG_ENABLE_OBJC_WEAK = YES;
				CLANG_WARN_BLOCK_CAPTURE_AUTORELEASING = YES;
				CLANG_WARN_BOOL_CONVERSION = YES;
				CLANG_WARN_COMMA = YES;
				CLANG_WARN_CONSTANT_CONVERSION = YES;
				CLANG_WARN_DEPRECATED_OBJC_IMPLEMENTATIONS = YES;
				CLANG_WARN_DIRECT_OBJC_ISA_USAGE = YES_ERROR;
				CLANG_WARN_DOCUMENTATION_COMMENTS = YES;
				CLANG_WARN_EMPTY_BODY = YES;
				CLANG_WARN_ENUM_CONVERSION = YES;
				CLANG_WARN_INFINITE_RECURSION = YES;
				CLANG_WARN_INT_CONVERSION = YES;
				CLANG_WARN_NON_LITERAL_NULL_CONVERSION = YES;
				CLANG_WARN_OBJC_IMPLICIT_RETAIN_SELF = YES;
				CLANG_WARN_OBJC_LITERAL_CONVERSION = YES;
				CLANG_WARN_OBJC_ROOT_CLASS = YES_ERROR;
				CLANG_WARN_RANGE_LOOP_ANALYSIS = YES;
				CLANG_WARN_STRICT_PROTOTYPES = YES;
				CLANG_WARN_SUSPICIOUS_MOVE = YES;
				CLANG_WARN_UNGUARDED_AVAILABILITY = YES_AGGRESSIVE;
				CLANG_WARN_UNREACHABLE_CODE = YES;
				CLANG_WARN__DUPLICATE_METHOD_MATCH = YES;
				CODE_SIGN_IDENTITY = "iPhone Developer";
				COPY_PHASE_STRIP = NO;
				DEBUG_INFORMATION_FORMAT = dwarf;
				ENABLE_STRICT_OBJC_MSGSEND = YES;
				ENABLE_TESTABILITY = YES;
				GCC_C_LANGUAGE_STANDARD = gnu11;
				GCC_DYNAMIC_NO_PIC = NO;
				GCC_NO_COMMON_BLOCKS = YES;
				GCC_OPTIMIZATION_LEVEL = 0;
				GCC_PREPROCESSOR_DEFINITIONS = (
					"DEBUG=1",
					"$(inherited)",
				);
				GCC_WARN_64_TO_32_BIT_CONVERSION = YES;
				GCC_WARN_ABOUT_RETURN_TYPE = YES_ERROR;
				GCC_WARN_UNDECLARED_SELECTOR = YES;
				GCC_WARN_UNINITIALIZED_AUTOS = YES_AGGRESSIVE;
				GCC_WARN_UNUSED_FUNCTION = YES;
				GCC_WARN_UNUSED_VARIABLE = YES;
				IPHONEOS_DEPLOYMENT_TARGET = 12.1;
				MTL_ENABLE_DEBUG_INFO = INCLUDE_SOURCE;
				MTL_FAST_MATH = YES;
				ONLY_ACTIVE_ARCH = YES;
				SDKROOT = iphoneos;
				SWIFT_ACTIVE_COMPILATION_CONDITIONS = DEBUG;
				SWIFT_OPTIMIZATION_LEVEL = "-Onone";
			};
			name = Debug;
		};
		E97EDF682253411A000434CD /* Release */ = {
			isa = XCBuildConfiguration;
			buildSettings = {
				ALWAYS_SEARCH_USER_PATHS = NO;
				CLANG_ANALYZER_NONNULL = YES;
				CLANG_ANALYZER_NUMBER_OBJECT_CONVERSION = YES_AGGRESSIVE;
				CLANG_CXX_LANGUAGE_STANDARD = "gnu++14";
				CLANG_CXX_LIBRARY = "libc++";
				CLANG_ENABLE_MODULES = YES;
				CLANG_ENABLE_OBJC_ARC = YES;
				CLANG_ENABLE_OBJC_WEAK = YES;
				CLANG_WARN_BLOCK_CAPTURE_AUTORELEASING = YES;
				CLANG_WARN_BOOL_CONVERSION = YES;
				CLANG_WARN_COMMA = YES;
				CLANG_WARN_CONSTANT_CONVERSION = YES;
				CLANG_WARN_DEPRECATED_OBJC_IMPLEMENTATIONS = YES;
				CLANG_WARN_DIRECT_OBJC_ISA_USAGE = YES_ERROR;
				CLANG_WARN_DOCUMENTATION_COMMENTS = YES;
				CLANG_WARN_EMPTY_BODY = YES;
				CLANG_WARN_ENUM_CONVERSION = YES;
				CLANG_WARN_INFINITE_RECURSION = YES;
				CLANG_WARN_INT_CONVERSION = YES;
				CLANG_WARN_NON_LITERAL_NULL_CONVERSION = YES;
				CLANG_WARN_OBJC_IMPLICIT_RETAIN_SELF = YES;
				CLANG_WARN_OBJC_LITERAL_CONVERSION = YES;
				CLANG_WARN_OBJC_ROOT_CLASS = YES_ERROR;
				CLANG_WARN_RANGE_LOOP_ANALYSIS = YES;
				CLANG_WARN_STRICT_PROTOTYPES = YES;
				CLANG_WARN_SUSPICIOUS_MOVE = YES;
				CLANG_WARN_UNGUARDED_AVAILABILITY = YES_AGGRESSIVE;
				CLANG_WARN_UNREACHABLE_CODE = YES;
				CLANG_WARN__DUPLICATE_METHOD_MATCH = YES;
				CODE_SIGN_IDENTITY = "iPhone Developer";
				COPY_PHASE_STRIP = NO;
				DEBUG_INFORMATION_FORMAT = "dwarf-with-dsym";
				ENABLE_NS_ASSERTIONS = NO;
				ENABLE_STRICT_OBJC_MSGSEND = YES;
				GCC_C_LANGUAGE_STANDARD = gnu11;
				GCC_NO_COMMON_BLOCKS = YES;
				GCC_WARN_64_TO_32_BIT_CONVERSION = YES;
				GCC_WARN_ABOUT_RETURN_TYPE = YES_ERROR;
				GCC_WARN_UNDECLARED_SELECTOR = YES;
				GCC_WARN_UNINITIALIZED_AUTOS = YES_AGGRESSIVE;
				GCC_WARN_UNUSED_FUNCTION = YES;
				GCC_WARN_UNUSED_VARIABLE = YES;
				IPHONEOS_DEPLOYMENT_TARGET = 12.1;
				MTL_ENABLE_DEBUG_INFO = NO;
				MTL_FAST_MATH = YES;
				SDKROOT = iphoneos;
				SWIFT_COMPILATION_MODE = wholemodule;
				SWIFT_OPTIMIZATION_LEVEL = "-O";
				VALIDATE_PRODUCT = YES;
			};
			name = Release;
		};
		E97EDF6A2253411A000434CD /* Debug */ = {
			isa = XCBuildConfiguration;
			buildSettings = {
				ASSETCATALOG_COMPILER_APPICON_NAME = AppIcon;
				CODE_SIGN_STYLE = Automatic;
				DEVELOPMENT_TEAM = FH7J82UUZR;
				INFOPLIST_FILE = Navigation/Info.plist;
				LD_RUNPATH_SEARCH_PATHS = (
					"$(inherited)",
					"@executable_path/Frameworks",
				);
				PRODUCT_BUNDLE_IDENTIFIER = com.versusmind.Navigation;
				PRODUCT_NAME = "$(TARGET_NAME)";
				SWIFT_VERSION = 4.2;
				TARGETED_DEVICE_FAMILY = "1,2";
			};
			name = Debug;
		};
		E97EDF6B2253411A000434CD /* Release */ = {
			isa = XCBuildConfiguration;
			buildSettings = {
				ASSETCATALOG_COMPILER_APPICON_NAME = AppIcon;
				CODE_SIGN_STYLE = Automatic;
				DEVELOPMENT_TEAM = FH7J82UUZR;
				INFOPLIST_FILE = Navigation/Info.plist;
				LD_RUNPATH_SEARCH_PATHS = (
					"$(inherited)",
					"@executable_path/Frameworks",
				);
				PRODUCT_BUNDLE_IDENTIFIER = com.versusmind.Navigation;
				PRODUCT_NAME = "$(TARGET_NAME)";
				SWIFT_VERSION = 4.2;
				TARGETED_DEVICE_FAMILY = "1,2";
			};
			name = Release;
		};
/* End XCBuildConfiguration section */

/* Begin XCConfigurationList section */
		E97EDF5222534116000434CD /* Build configuration list for PBXProject "Navigation" */ = {
			isa = XCConfigurationList;
			buildConfigurations = (
				E97EDF672253411A000434CD /* Debug */,
				E97EDF682253411A000434CD /* Release */,
			);
			defaultConfigurationIsVisible = 0;
			defaultConfigurationName = Release;
		};
		E97EDF692253411A000434CD /* Build configuration list for PBXNativeTarget "Navigation" */ = {
			isa = XCConfigurationList;
			buildConfigurations = (
				E97EDF6A2253411A000434CD /* Debug */,
				E97EDF6B2253411A000434CD /* Release */,
			);
			defaultConfigurationIsVisible = 0;
			defaultConfigurationName = Release;
		};
/* End XCConfigurationList section */
	};
	rootObject = E97EDF4F22534116000434CD /* Project object */;
}
